schema: '2.0'
stages:
  data_ingestion:
    cmd: python src/data/data_ingestion.py
    deps:
    - path: src/data/data_ingestion.py
      hash: md5
      md5: 0a73dead69fa7aa0e9dba8372c1ac9b8
      size: 4694
    params:
      params.yaml:
        data_ingestion.test_size: 0.2
    outs:
    - path: data/raw/test.csv
      hash: md5
      md5: ed93195b3030165fdda6e33ccc8cfb33
      size: 199068
    - path: data/raw/train.csv
      hash: md5
      md5: 0d9e47431368eb90dd4b4e158467ef43
      size: 807090
  data_preprocessing:
    cmd: python src/data/data_preprocessing.py
    deps:
    - path: data/raw/test.csv
      hash: md5
      md5: ed93195b3030165fdda6e33ccc8cfb33
      size: 199068
    - path: data/raw/train.csv
      hash: md5
      md5: 0d9e47431368eb90dd4b4e158467ef43
      size: 807090
    - path: src/data/data_preprocessing.py
      hash: md5
      md5: 244233d18598e53dd2ab8c35627283ee
      size: 4379
    outs:
    - path: data/processed/test_processed.csv
      hash: md5
      md5: 710258f89c49d3a86081ec5493e83d31
      size: 167090
    - path: data/processed/train_processed.csv
      hash: md5
      md5: 865a96b969078b2fbf6eb2ca742b9909
      size: 675571
  feature_engineering:
    cmd: python src/features/feature_engineering.py
    deps:
    - path: data/processed/test_processed.csv
      hash: md5
      md5: 710258f89c49d3a86081ec5493e83d31
      size: 167090
    - path: data/processed/train_processed.csv
      hash: md5
      md5: 865a96b969078b2fbf6eb2ca742b9909
      size: 675571
    - path: src/features/feature_engineering.py
      hash: md5
      md5: 29b01e448ec0bedb3a44f821b4ce123f
      size: 5960
    params:
      params.yaml:
        feature_engineering.max_features: 50
    outs:
    - path: data/features/test_tfidf.csv
      hash: md5
      md5: a9a9a9f5d9dcaab8fd9c65df547f630b
      size: 702376
    - path: data/features/train_tfidf.csv
      hash: md5
      md5: 040540462e15ecff35400368d6b1554d
      size: 2825710
  model_building:
    cmd: python src/models/model_building.py
    deps:
    - path: data/features/test_tfidf.csv
      hash: md5
      md5: a9a9a9f5d9dcaab8fd9c65df547f630b
      size: 702376
    - path: data/features/train_tfidf.csv
      hash: md5
      md5: 040540462e15ecff35400368d6b1554d
      size: 2825710
    - path: src/models/model_building.py
      hash: md5
      md5: f41a010f3ab54ad1de8995a25c722219
      size: 5147
    params:
      params.yaml:
        model_building.learning_rate: 0.1
        model_building.n_estimators: 100
    outs:
    - path: models/model.pkl
      hash: md5
      md5: 3dfff50ad8ffdfda7bb2906c2296cca3
      size: 138278
  model_evaluation:
    cmd: python src/models/model_evaluation.py
    deps:
    - path: data/features/test_tfidf.csv
      hash: md5
      md5: a9a9a9f5d9dcaab8fd9c65df547f630b
      size: 702376
    - path: models/model.pkl
      hash: md5
      md5: 3dfff50ad8ffdfda7bb2906c2296cca3
      size: 138278
    - path: src/models/model_evaluation.py
      hash: md5
      md5: c541e18013c4dca43668bf695ff07189
      size: 5598
    outs:
    - path: reports/metrics.json
      hash: md5
      md5: 5a7957e70dee5099cc70d80e9981e8b9
      size: 144
